
Microsoft Visual Studio Solution File, Format Version 12.00
# Visual Studio 15
VisualStudioVersion = 15.0.28307.902
MinimumVisualStudioVersion = 10.0.40219.1
Project("{FAE04EC0-301F-11D3-BF4B-00C04F79EFBC}") = "Atividade_PeDeFava", "Atividade_PeDeFava\Atividade_PeDeFava.csproj", "{2B51B208-9F5A-4D97-8E50-519F9F6DD196}"
EndProject
Global
	GlobalSection(SolutionConfigurationPlatforms) = preSolution
		Debug|Any CPU = Debug|Any CPU
		Release|Any CPU = Release|Any CPU
	EndGlobalSection
	GlobalSection(ProjectConfigurationPlatforms) = postSolution
		{2B51B208-9F5A-4D97-8E50-519F9F6DD196}.Debug|Any CPU.ActiveCfg = Debug|Any CPU
		{2B51B208-9F5A-4D97-8E50-519F9F6DD196}.Debug|Any CPU.Build.0 = Debug|Any CPU
		{2B51B208-9F5A-4D97-8E50-519F9F6DD196}.Release|Any CPU.ActiveCfg = Release|Any CPU
		{2B51B208-9F5A-4D97-8E50-519F9F6DD196}.Release|Any CPU.Build.0 = Release|Any CPU
	EndGlobalSection
	GlobalSection(SolutionProperties) = preSolution
		HideSolutionNode = FALSE
	EndGlobalSection
	GlobalSection(ExtensibilityGlobals) = postSolution
		SolutionGuid = {C512445D-C8A6-4BEC-9B8D-DBF63E73F941}
	EndGlobalSection
EndGlobal
